// !$*UTF8*$!
{
	archiveVersion = 1;
	classes = {
	};
	objectVersion = 50;
	objects = {

/* Begin PBXBuildFile section */
		DBA17AC8217BCDF8008AFDE2 /* AppDelegate.swift in Sources */ = {isa = PBXBuildFile; fileRef = DBA17AC7217BCDF8008AFDE2 /* AppDelegate.swift */; };
		DBA17ACD217BCDF8008AFDE2 /* Main.storyboard in Resources */ = {isa = PBXBuildFile; fileRef = DBA17ACB217BCDF8008AFDE2 /* Main.storyboard */; };
		DBA17ACF217BCDFA008AFDE2 /* Assets.xcassets in Resources */ = {isa = PBXBuildFile; fileRef = DBA17ACE217BCDFA008AFDE2 /* Assets.xcassets */; };
		DBA17AD2217BCDFA008AFDE2 /* LaunchScreen.storyboard in Resources */ = {isa = PBXBuildFile; fileRef = DBA17AD0217BCDFA008AFDE2 /* LaunchScreen.storyboard */; };
		DBA17ADC217BE088008AFDE2 /* ViewController.swift in Sources */ = {isa = PBXBuildFile; fileRef = DBA17ADB217BE088008AFDE2 /* ViewController.swift */; };
		DBA17AE2217C483E008AFDE2 /* VisualRecognitionV3.framework in Frameworks */ = {isa = PBXBuildFile; fileRef = DBA17AE1217C483E008AFDE2 /* VisualRecognitionV3.framework */; };
		DBA17AE3217C483E008AFDE2 /* VisualRecognitionV3.framework in Embed Frameworks */ = {isa = PBXBuildFile; fileRef = DBA17AE1217C483E008AFDE2 /* VisualRecognitionV3.framework */; settings = {ATTRIBUTES = (CodeSignOnCopy, RemoveHeadersOnCopy, ); }; };
		DBA17AE6217C4852008AFDE2 /* SVProgressHUD.framework in Frameworks */ = {isa = PBXBuildFile; fileRef = DBA17AE5217C4852008AFDE2 /* SVProgressHUD.framework */; };
		DBA17AE7217C4852008AFDE2 /* SVProgressHUD.framework in Embed Frameworks */ = {isa = PBXBuildFile; fileRef = DBA17AE5217C4852008AFDE2 /* SVProgressHUD.framework */; settings = {ATTRIBUTES = (CodeSignOnCopy, RemoveHeadersOnCopy, ); }; };
		DBA17AE9217C48A1008AFDE2 /* RestKit.framework in Frameworks */ = {isa = PBXBuildFile; fileRef = DBA17AE8217C48A1008AFDE2 /* RestKit.framework */; };
		DBA17AEA217C48A1008AFDE2 /* RestKit.framework in Embed Frameworks */ = {isa = PBXBuildFile; fileRef = DBA17AE8217C48A1008AFDE2 /* RestKit.framework */; settings = {ATTRIBUTES = (CodeSignOnCopy, RemoveHeadersOnCopy, ); }; };
/* End PBXBuildFile section */

/* Begin PBXCopyFilesBuildPhase section */
		DBA17AE4217C483E008AFDE2 /* Embed Frameworks */ = {
			isa = PBXCopyFilesBuildPhase;
			buildActionMask = 2147483647;
			dstPath = "";
			dstSubfolderSpec = 10;
			files = (
				DBA17AE7217C4852008AFDE2 /* SVProgressHUD.framework in Embed Frameworks */,
				DBA17AE3217C483E008AFDE2 /* VisualRecognitionV3.framework in Embed Frameworks */,
				DBA17AEA217C48A1008AFDE2 /* RestKit.framework in Embed Frameworks */,
			);
			name = "Embed Frameworks";
			runOnlyForDeploymentPostprocessing = 0;
		};
/* End PBXCopyFilesBuildPhase section */

/* Begin PBXFileReference section */
		DBA17AC4217BCDF8008AFDE2 /* Whatsit.app */ = {isa = PBXFileReference; explicitFileType = wrapper.application; includeInIndex = 0; path = Whatsit.app; sourceTree = BUILT_PRODUCTS_DIR; };
		DBA17AC7217BCDF8008AFDE2 /* AppDelegate.swift */ = {isa = PBXFileReference; lastKnownFileType = sourcecode.swift; path = AppDelegate.swift; sourceTree = "<group>"; };
		DBA17ACC217BCDF8008AFDE2 /* Base */ = {isa = PBXFileReference; lastKnownFileType = file.storyboard; name = Base; path = Base.lproj/Main.storyboard; sourceTree = "<group>"; };
		DBA17ACE217BCDFA008AFDE2 /* Assets.xcassets */ = {isa = PBXFileReference; lastKnownFileType = folder.assetcatalog; path = Assets.xcassets; sourceTree = "<group>"; };
		DBA17AD1217BCDFA008AFDE2 /* Base */ = {isa = PBXFileReference; lastKnownFileType = file.storyboard; name = Base; path = Base.lproj/LaunchScreen.storyboard; sourceTree = "<group>"; };
		DBA17AD3217BCDFA008AFDE2 /* Info.plist */ = {isa = PBXFileReference; lastKnownFileType = text.plist.xml; path = Info.plist; sourceTree = "<group>"; };
		DBA17ADB217BE088008AFDE2 /* ViewController.swift */ = {isa = PBXFileReference; lastKnownFileType = sourcecode.swift; path = ViewController.swift; sourceTree = "<group>"; };
		DBA17AE1217C483E008AFDE2 /* VisualRecognitionV3.framework */ = {isa = PBXFileReference; lastKnownFileType = wrapper.framework; path = VisualRecognitionV3.framework; sourceTree = "<group>"; };
		DBA17AE5217C4852008AFDE2 /* SVProgressHUD.framework */ = {isa = PBXFileReference; lastKnownFileType = wrapper.framework; path = SVProgressHUD.framework; sourceTree = "<group>"; };
		DBA17AE8217C48A1008AFDE2 /* RestKit.framework */ = {isa = PBXFileReference; lastKnownFileType = wrapper.framework; path = RestKit.framework; sourceTree = "<group>"; };
/* End PBXFileReference section */

/* Begin PBXFrameworksBuildPhase section */
		DBA17AC1217BCDF8008AFDE2 /* Frameworks */ = {
			isa = PBXFrameworksBuildPhase;
			buildActionMask = 2147483647;
			files = (
				DBA17AE6217C4852008AFDE2 /* SVProgressHUD.framework in Frameworks */,
				DBA17AE2217C483E008AFDE2 /* VisualRecognitionV3.framework in Frameworks */,
				DBA17AE9217C48A1008AFDE2 /* RestKit.framework in Frameworks */,
			);
			runOnlyForDeploymentPostprocessing = 0;
		};
/* End PBXFrameworksBuildPhase section */

/* Begin PBXGroup section */
		DBA17ABB217BCDF8008AFDE2 = {
			isa = PBXGroup;
			children = (
				DBA17AE8217C48A1008AFDE2 /* RestKit.framework */,
				DBA17AE5217C4852008AFDE2 /* SVProgressHUD.framework */,
				DBA17AE1217C483E008AFDE2 /* VisualRecognitionV3.framework */,
				DBA17AC6217BCDF8008AFDE2 /* Whatsit */,
				DBA17AC5217BCDF8008AFDE2 /* Products */,
			);
			sourceTree = "<group>";
		};
		DBA17AC5217BCDF8008AFDE2 /* Products */ = {
			isa = PBXGroup;
			children = (
				DBA17AC4217BCDF8008AFDE2 /* Whatsit.app */,
			);
			name = Products;
			sourceTree = "<group>";
		};
		DBA17AC6217BCDF8008AFDE2 /* Whatsit */ = {
			isa = PBXGroup;
			children = (
				DBA17AC7217BCDF8008AFDE2 /* AppDelegate.swift */,
				DBA17ADB217BE088008AFDE2 /* ViewController.swift */,
				DBA17ACB217BCDF8008AFDE2 /* Main.storyboard */,
				DBA17ACE217BCDFA008AFDE2 /* Assets.xcassets */,
				DBA17AD0217BCDFA008AFDE2 /* LaunchScreen.storyboard */,
				DBA17AD3217BCDFA008AFDE2 /* Info.plist */,
			);
			path = Whatsit;
			sourceTree = "<group>";
		};
/* End PBXGroup section */

/* Begin PBXNativeTarget section */
		DBA17AC3217BCDF8008AFDE2 /* Whatsit */ = {
			isa = PBXNativeTarget;
			buildConfigurationList = DBA17AD6217BCDFA008AFDE2 /* Build configuration list for PBXNativeTarget "Whatsit" */;
			buildPhases = (
				DBA17AC0217BCDF8008AFDE2 /* Sources */,
				DBA17AC1217BCDF8008AFDE2 /* Frameworks */,
				DBA17AC2217BCDF8008AFDE2 /* Resources */,
				DBA17AE4217C483E008AFDE2 /* Embed Frameworks */,
			);
			buildRules = (
			);
			dependencies = (
			);
			name = Whatsit;
			productName = Whatsit;
			productReference = DBA17AC4217BCDF8008AFDE2 /* Whatsit.app */;
			productType = "com.apple.product-type.application";
		};
/* End PBXNativeTarget section */

/* Begin PBXProject section */
		DBA17ABC217BCDF8008AFDE2 /* Project object */ = {
			isa = PBXProject;
			attributes = {
				LastSwiftUpdateCheck = 1000;
				LastUpgradeCheck = 1000;
				ORGANIZATIONNAME = "Azure Horse Creations";
				TargetAttributes = {
					DBA17AC3217BCDF8008AFDE2 = {
						CreatedOnToolsVersion = 10.0;
					};
				};
			};
			buildConfigurationList = DBA17ABF217BCDF8008AFDE2 /* Build configuration list for PBXProject "Whatsit" */;
			compatibilityVersion = "Xcode 9.3";
			developmentRegion = en;
			hasScannedForEncodings = 0;
			knownRegions = (
				en,
				Base,
			);
			mainGroup = DBA17ABB217BCDF8008AFDE2;
			productRefGroup = DBA17AC5217BCDF8008AFDE2 /* Products */;
			projectDirPath = "";
			projectRoot = "";
			targets = (
				DBA17AC3217BCDF8008AFDE2 /* Whatsit */,
			);
		};
/* End PBXProject section */

/* Begin PBXResourcesBuildPhase section */
		DBA17AC2217BCDF8008AFDE2 /* Resources */ = {
			isa = PBXResourcesBuildPhase;
			buildActionMask = 2147483647;
			files = (
				DBA17AD2217BCDFA008AFDE2 /* LaunchScreen.storyboard in Resources */,
				DBA17ACF217BCDFA008AFDE2 /* Assets.xcassets in Resources */,
				DBA17ACD217BCDF8008AFDE2 /* Main.storyboard in Resources */,
			);
			runOnlyForDeploymentPostprocessing = 0;
		};
/* End PBXResourcesBuildPhase section */

/* Begin PBXSourcesBuildPhase section */
		DBA17AC0217BCDF8008AFDE2 /* Sources */ = {
			isa = PBXSourcesBuildPhase;
			buildActionMask = 2147483647;
			files = (
				DBA17AC8217BCDF8008AFDE2 /* AppDelegate.swift in Sources */,
				DBA17ADC217BE088008AFDE2 /* ViewController.swift in Sources */,
			);
			runOnlyForDeploymentPostprocessing = 0;
		};
/* End PBXSourcesBuildPhase section */

/* Begin PBXVariantGroup section */
		DBA17ACB217BCDF8008AFDE2 /* Main.storyboard */ = {
			isa = PBXVariantGroup;
			children = (
				DBA17ACC217BCDF8008AFDE2 /* Base */,
			);
			name = Main.storyboard;
			sourceTree = "<group>";
		};
		DBA17AD0217BCDFA008AFDE2 /* LaunchScreen.storyboard */ = {
			isa = PBXVariantGroup;
			children = (
				DBA17AD1217BCDFA008AFDE2 /* Base */,
			);
			name = LaunchScreen.storyboard;
			sourceTree = "<group>";
		};
/* End PBXVariantGroup section */

/* Begin XCBuildConfiguration section */
		DBA17AD4217BCDFA008AFDE2 /* Debug */ = {
			isa = XCBuildConfiguration;
			buildSettings = {
				ALWAYS_SEARCH_USER_PATHS = NO;
				CLANG_ANALYZER_NONNULL = YES;
				CLANG_ANALYZER_NUMBER_OBJECT_CONVERSION = YES_AGGRESSIVE;
				CLANG_CXX_LANGUAGE_STANDARD = "gnu++14";
				CLANG_CXX_LIBRARY = "libc++";
				CLANG_ENABLE_MODULES = YES;
				CLANG_ENABLE_OBJC_ARC = YES;
				CLANG_ENABLE_OBJC_WEAK = YES;
				CLANG_WARN_BLOCK_CAPTURE_AUTORELEASING = YES;
				CLANG_WARN_BOOL_CONVERSION = YES;
				CLANG_WARN_COMMA = YES;
				CLANG_WARN_CONSTANT_CONVERSION = YES;
				CLANG_WARN_DEPRECATED_OBJC_IMPLEMENTATIONS = YES;
				CLANG_WARN_DIRECT_OBJC_ISA_USAGE = YES_ERROR;
				CLANG_WARN_DOCUMENTATION_COMMENTS = YES;
				CLANG_WARN_EMPTY_BODY = YES;
				CLANG_WARN_ENUM_CONVERSION = YES;
				CLANG_WARN_INFINITE_RECURSION = YES;
				CLANG_WARN_INT_CONVERSION = YES;
				CLANG_WARN_NON_LITERAL_NULL_CONVERSION = YES;
				CLANG_WARN_OBJC_IMPLICIT_RETAIN_SELF = YES;
				CLANG_WARN_OBJC_LITERAL_CONVERSION = YES;
				CLANG_WARN_OBJC_ROOT_CLASS = YES_ERROR;
				CLANG_WARN_RANGE_LOOP_ANALYSIS = YES;
				CLANG_WARN_STRICT_PROTOTYPES = YES;
				CLANG_WARN_SUSPICIOUS_MOVE = YES;
				CLANG_WARN_UNGUARDED_AVAILABILITY = YES_AGGRESSIVE;
				CLANG_WARN_UNREACHABLE_CODE = YES;
				CLANG_WARN__DUPLICATE_METHOD_MATCH = YES;
				CODE_SIGN_IDENTITY = "iPhone Developer";
				COPY_PHASE_STRIP = NO;
				DEBUG_INFORMATION_FORMAT = dwarf;
				ENABLE_STRICT_OBJC_MSGSEND = YES;
				ENABLE_TESTABILITY = YES;
				GCC_C_LANGUAGE_STANDARD = gnu11;
				GCC_DYNAMIC_NO_PIC = NO;
				GCC_NO_COMMON_BLOCKS = YES;
				GCC_OPTIMIZATION_LEVEL = 0;
				GCC_PREPROCESSOR_DEFINITIONS = (
					"DEBUG=1",
					"$(inherited)",
				);
				GCC_WARN_64_TO_32_BIT_CONVERSION = YES;
				GCC_WARN_ABOUT_RETURN_TYPE = YES_ERROR;
				GCC_WARN_UNDECLARED_SELECTOR = YES;
				GCC_WARN_UNINITIALIZED_AUTOS = YES_AGGRESSIVE;
				GCC_WARN_UNUSED_FUNCTION = YES;
				GCC_WARN_UNUSED_VARIABLE = YES;
				IPHONEOS_DEPLOYMENT_TARGET = 12.0;
				MTL_ENABLE_DEBUG_INFO = INCLUDE_SOURCE;
				MTL_FAST_MATH = YES;
				ONLY_ACTIVE_ARCH = YES;
				SDKROOT = iphoneos;
				SWIFT_ACTIVE_COMPILATION_CONDITIONS = DEBUG;
				SWIFT_OPTIMIZATION_LEVEL = "-Onone";
			};
			name = Debug;
		};
		DBA17AD5217BCDFA008AFDE2 /* Release */ = {
			isa = XCBuildConfiguration;
			buildSettings = {
				ALWAYS_SEARCH_USER_PATHS = NO;
				CLANG_ANALYZER_NONNULL = YES;
				CLANG_ANALYZER_NUMBER_OBJECT_CONVERSION = YES_AGGRESSIVE;
				CLANG_CXX_LANGUAGE_STANDARD = "gnu++14";
				CLANG_CXX_LIBRARY = "libc++";
				CLANG_ENABLE_MODULES = YES;
				CLANG_ENABLE_OBJC_ARC = YES;
				CLANG_ENABLE_OBJC_WEAK = YES;
				CLANG_WARN_BLOCK_CAPTURE_AUTORELEASING = YES;
				CLANG_WARN_BOOL_CONVERSION = YES;
				CLANG_WARN_COMMA = YES;
				CLANG_WARN_CONSTANT_CONVERSION = YES;
				CLANG_WARN_DEPRECATED_OBJC_IMPLEMENTATIONS = YES;
				CLANG_WARN_DIRECT_OBJC_ISA_USAGE = YES_ERROR;
				CLANG_WARN_DOCUMENTATION_COMMENTS = YES;
				CLANG_WARN_EMPTY_BODY = YES;
				CLANG_WARN_ENUM_CONVERSION = YES;
				CLANG_WARN_INFINITE_RECURSION = YES;
				CLANG_WARN_INT_CONVERSION = YES;
				CLANG_WARN_NON_LITERAL_NULL_CONVERSION = YES;
				CLANG_WARN_OBJC_IMPLICIT_RETAIN_SELF = YES;
				CLANG_WARN_OBJC_LITERAL_CONVERSION = YES;
				CLANG_WARN_OBJC_ROOT_CLASS = YES_ERROR;
				CLANG_WARN_RANGE_LOOP_ANALYSIS = YES;
				CLANG_WARN_STRICT_PROTOTYPES = YES;
				CLANG_WARN_SUSPICIOUS_MOVE = YES;
				CLANG_WARN_UNGUARDED_AVAILABILITY = YES_AGGRESSIVE;
				CLANG_WARN_UNREACHABLE_CODE = YES;
				CLANG_WARN__DUPLICATE_METHOD_MATCH = YES;
				CODE_SIGN_IDENTITY = "iPhone Developer";
				COPY_PHASE_STRIP = NO;
				DEBUG_INFORMATION_FORMAT = "dwarf-with-dsym";
				ENABLE_NS_ASSERTIONS = NO;
				ENABLE_STRICT_OBJC_MSGSEND = YES;
				GCC_C_LANGUAGE_STANDARD = gnu11;
				GCC_NO_COMMON_BLOCKS = YES;
				GCC_WARN_64_TO_32_BIT_CONVERSION = YES;
				GCC_WARN_ABOUT_RETURN_TYPE = YES_ERROR;
				GCC_WARN_UNDECLARED_SELECTOR = YES;
				GCC_WARN_UNINITIALIZED_AUTOS = YES_AGGRESSIVE;
				GCC_WARN_UNUSED_FUNCTION = YES;
				GCC_WARN_UNUSED_VARIABLE = YES;
				IPHONEOS_DEPLOYMENT_TARGET = 12.0;
				MTL_ENABLE_DEBUG_INFO = NO;
				MTL_FAST_MATH = YES;
				SDKROOT = iphoneos;
				SWIFT_COMPILATION_MODE = wholemodule;
				SWIFT_OPTIMIZATION_LEVEL = "-O";
				VALIDATE_PRODUCT = YES;
			};
			name = Release;
		};
		DBA17AD7217BCDFA008AFDE2 /* Debug */ = {
			isa = XCBuildConfiguration;
			buildSettings = {
				ASSETCATALOG_COMPILER_APPICON_NAME = AppIcon;
				CODE_SIGN_STYLE = Automatic;
				DEVELOPMENT_TEAM = 92S6VPY8H9;
				FRAMEWORK_SEARCH_PATHS = (
					"$(inherited)",
					"$(PROJECT_DIR)",
				);
				INFOPLIST_FILE = Whatsit/Info.plist;
				LD_RUNPATH_SEARCH_PATHS = (
					"$(inherited)",
					"@executable_path/Frameworks",
				);
				PRODUCT_BUNDLE_IDENTIFIER = com.azurehorsecreations.Whatsit;
				PRODUCT_NAME = "$(TARGET_NAME)";
				SWIFT_VERSION = 4.2;
				TARGETED_DEVICE_FAMILY = "1,2";
			};
			name = Debug;
		};
		DBA17AD8217BCDFA008AFDE2 /* Release */ = {
			isa = XCBuildConfiguration;
			buildSettings = {
				ASSETCATALOG_COMPILER_APPICON_NAME = AppIcon;
				CODE_SIGN_STYLE = Automatic;
				DEVELOPMENT_TEAM = 92S6VPY8H9;
				FRAMEWORK_SEARCH_PATHS = (
					"$(inherited)",
					"$(PROJECT_DIR)",
				);
				INFOPLIST_FILE = Whatsit/Info.plist;
				LD_RUNPATH_SEARCH_PATHS = (
					"$(inherited)",
					"@executable_path/Frameworks",
				);
				PRODUCT_BUNDLE_IDENTIFIER = com.azurehorsecreations.Whatsit;
				PRODUCT_NAME = "$(TARGET_NAME)";
				SWIFT_VERSION = 4.2;
				TARGETED_DEVICE_FAMILY = "1,2";
			};
			name = Release;
		};
/* End XCBuildConfiguration section */

/* Begin XCConfigurationList section */
		DBA17ABF217BCDF8008AFDE2 /* Build configuration list for PBXProject "Whatsit" */ = {
			isa = XCConfigurationList;
			buildConfigurations = (
				DBA17AD4217BCDFA008AFDE2 /* Debug */,
				DBA17AD5217BCDFA008AFDE2 /* Release */,
			);
			defaultConfigurationIsVisible = 0;
			defaultConfigurationName = Release;
		};
		DBA17AD6217BCDFA008AFDE2 /* Build configuration list for PBXNativeTarget "Whatsit" */ = {
			isa = XCConfigurationList;
			buildConfigurations = (
				DBA17AD7217BCDFA008AFDE2 /* Debug */,
				DBA17AD8217BCDFA008AFDE2 /* Release */,
			);
			defaultConfigurationIsVisible = 0;
			defaultConfigurationName = Release;
		};
/* End XCConfigurationList section */
	};
	rootObject = DBA17ABC217BCDF8008AFDE2 /* Project object */;
}
