// !$*UTF8*$!
{
	archiveVersion = 1;
	classes = {
	};
	objectVersion = 55;
	objects = {

/* Begin PBXBuildFile section */
		DBCC78712762C108009323A5 /* WhatsItApp.swift in Sources */ = {isa = PBXBuildFile; fileRef = DBCC78702762C108009323A5 /* WhatsItApp.swift */; };
		DBCC78732762C108009323A5 /* ContentView.swift in Sources */ = {isa = PBXBuildFile; fileRef = DBCC78722762C108009323A5 /* ContentView.swift */; };
		DBCC78752762C109009323A5 /* Assets.xcassets in Resources */ = {isa = PBXBuildFile; fileRef = DBCC78742762C109009323A5 /* Assets.xcassets */; };
		DBCC78782762C109009323A5 /* Preview Assets.xcassets in Resources */ = {isa = PBXBuildFile; fileRef = DBCC78772762C109009323A5 /* Preview Assets.xcassets */; };
		DBCC78822762C10A009323A5 /* WhatsItTests.swift in Sources */ = {isa = PBXBuildFile; fileRef = DBCC78812762C10A009323A5 /* WhatsItTests.swift */; };
		DBCC788C2762C10A009323A5 /* WhatsItUITests.swift in Sources */ = {isa = PBXBuildFile; fileRef = DBCC788B2762C10A009323A5 /* WhatsItUITests.swift */; };
		DBCC788E2762C10A009323A5 /* WhatsitUITestsLaunchTests.swift in Sources */ = {isa = PBXBuildFile; fileRef = DBCC788D2762C10A009323A5 /* WhatsitUITestsLaunchTests.swift */; };
		DBCC789B2762CB5E009323A5 /* MobileNetV2.mlmodel in Sources */ = {isa = PBXBuildFile; fileRef = DBCC789A2762CB5E009323A5 /* MobileNetV2.mlmodel */; };
		DBCC789D2762D09B009323A5 /* UIImage+Extension.swift in Sources */ = {isa = PBXBuildFile; fileRef = DBCC789C2762D09B009323A5 /* UIImage+Extension.swift */; };
		DBDB8E5A279DB2D700815FFD /* SplashView.swift in Sources */ = {isa = PBXBuildFile; fileRef = DBDB8E59279DB2D700815FFD /* SplashView.swift */; };
		DBEC87BD2765996E00FC0427 /* ClassifyViewModel.swift in Sources */ = {isa = PBXBuildFile; fileRef = DBEC87BC2765996E00FC0427 /* ClassifyViewModel.swift */; };
		DBEC87C12765A6AE00FC0427 /* ImagePicker.swift in Sources */ = {isa = PBXBuildFile; fileRef = DBEC87C02765A6AE00FC0427 /* ImagePicker.swift */; };
		DBEC87C32765A7C300FC0427 /* ClassifyImageView.swift in Sources */ = {isa = PBXBuildFile; fileRef = DBEC87C22765A7C300FC0427 /* ClassifyImageView.swift */; };
/* End PBXBuildFile section */

/* Begin PBXContainerItemProxy section */
		DBCC787E2762C10A009323A5 /* PBXContainerItemProxy */ = {
			isa = PBXContainerItemProxy;
			containerPortal = DBCC78652762C108009323A5 /* Project object */;
			proxyType = 1;
			remoteGlobalIDString = DBCC786C2762C108009323A5;
			remoteInfo = WhatsItCoreML;
		};
		DBCC78882762C10A009323A5 /* PBXContainerItemProxy */ = {
			isa = PBXContainerItemProxy;
			containerPortal = DBCC78652762C108009323A5 /* Project object */;
			proxyType = 1;
			remoteGlobalIDString = DBCC786C2762C108009323A5;
			remoteInfo = WhatsItCoreML;
		};
/* End PBXContainerItemProxy section */

/* Begin PBXFileReference section */
		DBCC786D2762C108009323A5 /* Whatsit.app */ = {isa = PBXFileReference; explicitFileType = wrapper.application; includeInIndex = 0; path = Whatsit.app; sourceTree = BUILT_PRODUCTS_DIR; };
		DBCC78702762C108009323A5 /* WhatsItApp.swift */ = {isa = PBXFileReference; lastKnownFileType = sourcecode.swift; path = WhatsItApp.swift; sourceTree = "<group>"; };
		DBCC78722762C108009323A5 /* ContentView.swift */ = {isa = PBXFileReference; lastKnownFileType = sourcecode.swift; path = ContentView.swift; sourceTree = "<group>"; };
		DBCC78742762C109009323A5 /* Assets.xcassets */ = {isa = PBXFileReference; lastKnownFileType = folder.assetcatalog; path = Assets.xcassets; sourceTree = "<group>"; };
		DBCC78772762C109009323A5 /* Preview Assets.xcassets */ = {isa = PBXFileReference; lastKnownFileType = folder.assetcatalog; path = "Preview Assets.xcassets"; sourceTree = "<group>"; };
		DBCC787D2762C10A009323A5 /* WhatsItTests.xctest */ = {isa = PBXFileReference; explicitFileType = wrapper.cfbundle; includeInIndex = 0; path = WhatsItTests.xctest; sourceTree = BUILT_PRODUCTS_DIR; };
		DBCC78812762C10A009323A5 /* WhatsItTests.swift */ = {isa = PBXFileReference; lastKnownFileType = sourcecode.swift; path = WhatsItTests.swift; sourceTree = "<group>"; };
		DBCC78872762C10A009323A5 /* WhatsItUITests.xctest */ = {isa = PBXFileReference; explicitFileType = wrapper.cfbundle; includeInIndex = 0; path = WhatsItUITests.xctest; sourceTree = BUILT_PRODUCTS_DIR; };
		DBCC788B2762C10A009323A5 /* WhatsItUITests.swift */ = {isa = PBXFileReference; lastKnownFileType = sourcecode.swift; path = WhatsItUITests.swift; sourceTree = "<group>"; };
		DBCC788D2762C10A009323A5 /* WhatsitUITestsLaunchTests.swift */ = {isa = PBXFileReference; lastKnownFileType = sourcecode.swift; path = WhatsitUITestsLaunchTests.swift; sourceTree = "<group>"; };
		DBCC789A2762CB5E009323A5 /* MobileNetV2.mlmodel */ = {isa = PBXFileReference; lastKnownFileType = file.mlmodel; path = MobileNetV2.mlmodel; sourceTree = "<group>"; };
		DBCC789C2762D09B009323A5 /* UIImage+Extension.swift */ = {isa = PBXFileReference; lastKnownFileType = sourcecode.swift; path = "UIImage+Extension.swift"; sourceTree = "<group>"; };
		DBDB8E59279DB2D700815FFD /* SplashView.swift */ = {isa = PBXFileReference; lastKnownFileType = sourcecode.swift; path = SplashView.swift; sourceTree = "<group>"; };
		DBEC87BC2765996E00FC0427 /* ClassifyViewModel.swift */ = {isa = PBXFileReference; lastKnownFileType = sourcecode.swift; path = ClassifyViewModel.swift; sourceTree = "<group>"; };
		DBEC87C02765A6AE00FC0427 /* ImagePicker.swift */ = {isa = PBXFileReference; lastKnownFileType = sourcecode.swift; path = ImagePicker.swift; sourceTree = "<group>"; };
		DBEC87C22765A7C300FC0427 /* ClassifyImageView.swift */ = {isa = PBXFileReference; lastKnownFileType = sourcecode.swift; path = ClassifyImageView.swift; sourceTree = "<group>"; };
/* End PBXFileReference section */

/* Begin PBXFrameworksBuildPhase section */
		DBCC786A2762C108009323A5 /* Frameworks */ = {
			isa = PBXFrameworksBuildPhase;
			buildActionMask = 2147483647;
			files = (
			);
			runOnlyForDeploymentPostprocessing = 0;
		};
		DBCC787A2762C10A009323A5 /* Frameworks */ = {
			isa = PBXFrameworksBuildPhase;
			buildActionMask = 2147483647;
			files = (
			);
			runOnlyForDeploymentPostprocessing = 0;
		};
		DBCC78842762C10A009323A5 /* Frameworks */ = {
			isa = PBXFrameworksBuildPhase;
			buildActionMask = 2147483647;
			files = (
			);
			runOnlyForDeploymentPostprocessing = 0;
		};
/* End PBXFrameworksBuildPhase section */

/* Begin PBXGroup section */
		DBCC78642762C108009323A5 = {
			isa = PBXGroup;
			children = (
				DBCC786F2762C108009323A5 /* WhatsIt */,
				DBCC78802762C10A009323A5 /* WhatsitTests */,
				DBCC788A2762C10A009323A5 /* WhatsitUITests */,
				DBCC786E2762C108009323A5 /* Products */,
			);
			sourceTree = "<group>";
		};
		DBCC786E2762C108009323A5 /* Products */ = {
			isa = PBXGroup;
			children = (
				DBCC786D2762C108009323A5 /* Whatsit.app */,
				DBCC787D2762C10A009323A5 /* WhatsItTests.xctest */,
				DBCC78872762C10A009323A5 /* WhatsItUITests.xctest */,
			);
			name = Products;
			sourceTree = "<group>";
		};
		DBCC786F2762C108009323A5 /* WhatsIt */ = {
			isa = PBXGroup;
			children = (
				DBCC789A2762CB5E009323A5 /* MobileNetV2.mlmodel */,
				DBCC78702762C108009323A5 /* WhatsItApp.swift */,
				DBEC87BC2765996E00FC0427 /* ClassifyViewModel.swift */,
				DBEC87C22765A7C300FC0427 /* ClassifyImageView.swift */,
				DBDB8E59279DB2D700815FFD /* SplashView.swift */,
				DBCC78722762C108009323A5 /* ContentView.swift */,
				DBEC87C02765A6AE00FC0427 /* ImagePicker.swift */,
				DBCC789C2762D09B009323A5 /* UIImage+Extension.swift */,
				DBCC78742762C109009323A5 /* Assets.xcassets */,
				DBCC78762762C109009323A5 /* Preview Content */,
			);
			path = WhatsIt;
			sourceTree = "<group>";
		};
		DBCC78762762C109009323A5 /* Preview Content */ = {
			isa = PBXGroup;
			children = (
				DBCC78772762C109009323A5 /* Preview Assets.xcassets */,
			);
			path = "Preview Content";
			sourceTree = "<group>";
		};
		DBCC78802762C10A009323A5 /* WhatsitTests */ = {
			isa = PBXGroup;
			children = (
				DBCC78812762C10A009323A5 /* WhatsItTests.swift */,
			);
			path = WhatsitTests;
			sourceTree = "<group>";
		};
		DBCC788A2762C10A009323A5 /* WhatsitUITests */ = {
			isa = PBXGroup;
			children = (
				DBCC788B2762C10A009323A5 /* WhatsItUITests.swift */,
				DBCC788D2762C10A009323A5 /* WhatsitUITestsLaunchTests.swift */,
			);
			path = WhatsitUITests;
			sourceTree = "<group>";
		};
/* End PBXGroup section */

/* Begin PBXNativeTarget section */
		DBCC786C2762C108009323A5 /* WhatsIt */ = {
			isa = PBXNativeTarget;
			buildConfigurationList = DBCC78912762C10A009323A5 /* Build configuration list for PBXNativeTarget "WhatsIt" */;
			buildPhases = (
				DBCC78692762C108009323A5 /* Sources */,
				DBCC786A2762C108009323A5 /* Frameworks */,
				DBCC786B2762C108009323A5 /* Resources */,
			);
			buildRules = (
			);
			dependencies = (
			);
			name = WhatsIt;
			productName = WhatsItCoreML;
			productReference = DBCC786D2762C108009323A5 /* Whatsit.app */;
			productType = "com.apple.product-type.application";
		};
		DBCC787C2762C10A009323A5 /* WhatsItTests */ = {
			isa = PBXNativeTarget;
			buildConfigurationList = DBCC78942762C10A009323A5 /* Build configuration list for PBXNativeTarget "WhatsItTests" */;
			buildPhases = (
				DBCC78792762C10A009323A5 /* Sources */,
				DBCC787A2762C10A009323A5 /* Frameworks */,
				DBCC787B2762C10A009323A5 /* Resources */,
			);
			buildRules = (
			);
			dependencies = (
				DBCC787F2762C10A009323A5 /* PBXTargetDependency */,
			);
			name = WhatsItTests;
			productName = WhatsItCoreMLTests;
			productReference = DBCC787D2762C10A009323A5 /* WhatsItTests.xctest */;
			productType = "com.apple.product-type.bundle.unit-test";
		};
		DBCC78862762C10A009323A5 /* WhatsItUITests */ = {
			isa = PBXNativeTarget;
			buildConfigurationList = DBCC78972762C10A009323A5 /* Build configuration list for PBXNativeTarget "WhatsItUITests" */;
			buildPhases = (
				DBCC78832762C10A009323A5 /* Sources */,
				DBCC78842762C10A009323A5 /* Frameworks */,
				DBCC78852762C10A009323A5 /* Resources */,
			);
			buildRules = (
			);
			dependencies = (
				DBCC78892762C10A009323A5 /* PBXTargetDependency */,
			);
			name = WhatsItUITests;
			productName = WhatsItCoreMLUITests;
			productReference = DBCC78872762C10A009323A5 /* WhatsItUITests.xctest */;
			productType = "com.apple.product-type.bundle.ui-testing";
		};
/* End PBXNativeTarget section */

/* Begin PBXProject section */
		DBCC78652762C108009323A5 /* Project object */ = {
			isa = PBXProject;
			attributes = {
				BuildIndependentTargetsInParallel = 1;
				LastSwiftUpdateCheck = 1310;
				LastUpgradeCheck = 1310;
				TargetAttributes = {
					DBCC786C2762C108009323A5 = {
						CreatedOnToolsVersion = 13.1;
					};
					DBCC787C2762C10A009323A5 = {
						CreatedOnToolsVersion = 13.1;
						TestTargetID = DBCC786C2762C108009323A5;
					};
					DBCC78862762C10A009323A5 = {
						CreatedOnToolsVersion = 13.1;
						TestTargetID = DBCC786C2762C108009323A5;
					};
				};
			};
			buildConfigurationList = DBCC78682762C108009323A5 /* Build configuration list for PBXProject "Whatsit" */;
			compatibilityVersion = "Xcode 13.0";
			developmentRegion = en;
			hasScannedForEncodings = 0;
			knownRegions = (
				en,
				Base,
			);
			mainGroup = DBCC78642762C108009323A5;
			productRefGroup = DBCC786E2762C108009323A5 /* Products */;
			projectDirPath = "";
			projectRoot = "";
			targets = (
				DBCC786C2762C108009323A5 /* WhatsIt */,
				DBCC787C2762C10A009323A5 /* WhatsItTests */,
				DBCC78862762C10A009323A5 /* WhatsItUITests */,
			);
		};
/* End PBXProject section */

/* Begin PBXResourcesBuildPhase section */
		DBCC786B2762C108009323A5 /* Resources */ = {
			isa = PBXResourcesBuildPhase;
			buildActionMask = 2147483647;
			files = (
				DBCC78782762C109009323A5 /* Preview Assets.xcassets in Resources */,
				DBCC78752762C109009323A5 /* Assets.xcassets in Resources */,
			);
			runOnlyForDeploymentPostprocessing = 0;
		};
		DBCC787B2762C10A009323A5 /* Resources */ = {
			isa = PBXResourcesBuildPhase;
			buildActionMask = 2147483647;
			files = (
			);
			runOnlyForDeploymentPostprocessing = 0;
		};
		DBCC78852762C10A009323A5 /* Resources */ = {
			isa = PBXResourcesBuildPhase;
			buildActionMask = 2147483647;
			files = (
			);
			runOnlyForDeploymentPostprocessing = 0;
		};
/* End PBXResourcesBuildPhase section */

/* Begin PBXSourcesBuildPhase section */
		DBCC78692762C108009323A5 /* Sources */ = {
			isa = PBXSourcesBuildPhase;
			buildActionMask = 2147483647;
			files = (
				DBCC789B2762CB5E009323A5 /* MobileNetV2.mlmodel in Sources */,
				DBCC78732762C108009323A5 /* ContentView.swift in Sources */,
				DBEC87BD2765996E00FC0427 /* ClassifyViewModel.swift in Sources */,
				DBEC87C32765A7C300FC0427 /* ClassifyImageView.swift in Sources */,
				DBEC87C12765A6AE00FC0427 /* ImagePicker.swift in Sources */,
				DBDB8E5A279DB2D700815FFD /* SplashView.swift in Sources */,
				DBCC78712762C108009323A5 /* WhatsItApp.swift in Sources */,
				DBCC789D2762D09B009323A5 /* UIImage+Extension.swift in Sources */,
			);
			runOnlyForDeploymentPostprocessing = 0;
		};
		DBCC78792762C10A009323A5 /* Sources */ = {
			isa = PBXSourcesBuildPhase;
			buildActionMask = 2147483647;
			files = (
				DBCC78822762C10A009323A5 /* WhatsItTests.swift in Sources */,
			);
			runOnlyForDeploymentPostprocessing = 0;
		};
		DBCC78832762C10A009323A5 /* Sources */ = {
			isa = PBXSourcesBuildPhase;
			buildActionMask = 2147483647;
			files = (
				DBCC788C2762C10A009323A5 /* WhatsItUITests.swift in Sources */,
				DBCC788E2762C10A009323A5 /* WhatsitUITestsLaunchTests.swift in Sources */,
			);
			runOnlyForDeploymentPostprocessing = 0;
		};
/* End PBXSourcesBuildPhase section */

/* Begin PBXTargetDependency section */
		DBCC787F2762C10A009323A5 /* PBXTargetDependency */ = {
			isa = PBXTargetDependency;
			target = DBCC786C2762C108009323A5 /* WhatsIt */;
			targetProxy = DBCC787E2762C10A009323A5 /* PBXContainerItemProxy */;
		};
		DBCC78892762C10A009323A5 /* PBXTargetDependency */ = {
			isa = PBXTargetDependency;
			target = DBCC786C2762C108009323A5 /* WhatsIt */;
			targetProxy = DBCC78882762C10A009323A5 /* PBXContainerItemProxy */;
		};
/* End PBXTargetDependency section */

/* Begin XCBuildConfiguration section */
		DBCC788F2762C10A009323A5 /* Debug */ = {
			isa = XCBuildConfiguration;
			buildSettings = {
				ALWAYS_SEARCH_USER_PATHS = NO;
				CLANG_ANALYZER_NONNULL = YES;
				CLANG_ANALYZER_NUMBER_OBJECT_CONVERSION = YES_AGGRESSIVE;
				CLANG_CXX_LANGUAGE_STANDARD = "gnu++17";
				CLANG_CXX_LIBRARY = "libc++";
				CLANG_ENABLE_MODULES = YES;
				CLANG_ENABLE_OBJC_ARC = YES;
				CLANG_ENABLE_OBJC_WEAK = YES;
				CLANG_WARN_BLOCK_CAPTURE_AUTORELEASING = YES;
				CLANG_WARN_BOOL_CONVERSION = YES;
				CLANG_WARN_COMMA = YES;
				CLANG_WARN_CONSTANT_CONVERSION = YES;
				CLANG_WARN_DEPRECATED_OBJC_IMPLEMENTATIONS = YES;
				CLANG_WARN_DIRECT_OBJC_ISA_USAGE = YES_ERROR;
				CLANG_WARN_DOCUMENTATION_COMMENTS = YES;
				CLANG_WARN_EMPTY_BODY = YES;
				CLANG_WARN_ENUM_CONVERSION = YES;
				CLANG_WARN_INFINITE_RECURSION = YES;
				CLANG_WARN_INT_CONVERSION = YES;
				CLANG_WARN_NON_LITERAL_NULL_CONVERSION = YES;
				CLANG_WARN_OBJC_IMPLICIT_RETAIN_SELF = YES;
				CLANG_WARN_OBJC_LITERAL_CONVERSION = YES;
				CLANG_WARN_OBJC_ROOT_CLASS = YES_ERROR;
				CLANG_WARN_QUOTED_INCLUDE_IN_FRAMEWORK_HEADER = YES;
				CLANG_WARN_RANGE_LOOP_ANALYSIS = YES;
				CLANG_WARN_STRICT_PROTOTYPES = YES;
				CLANG_WARN_SUSPICIOUS_MOVE = YES;
				CLANG_WARN_UNGUARDED_AVAILABILITY = YES_AGGRESSIVE;
				CLANG_WARN_UNREACHABLE_CODE = YES;
				CLANG_WARN__DUPLICATE_METHOD_MATCH = YES;
				COPY_PHASE_STRIP = NO;
				DEBUG_INFORMATION_FORMAT = dwarf;
				ENABLE_STRICT_OBJC_MSGSEND = YES;
				ENABLE_TESTABILITY = YES;
				GCC_C_LANGUAGE_STANDARD = gnu11;
				GCC_DYNAMIC_NO_PIC = NO;
				GCC_NO_COMMON_BLOCKS = YES;
				GCC_OPTIMIZATION_LEVEL = 0;
				GCC_PREPROCESSOR_DEFINITIONS = (
					"DEBUG=1",
					"$(inherited)",
				);
				GCC_WARN_64_TO_32_BIT_CONVERSION = YES;
				GCC_WARN_ABOUT_RETURN_TYPE = YES_ERROR;
				GCC_WARN_UNDECLARED_SELECTOR = YES;
				GCC_WARN_UNINITIALIZED_AUTOS = YES_AGGRESSIVE;
				GCC_WARN_UNUSED_FUNCTION = YES;
				GCC_WARN_UNUSED_VARIABLE = YES;
				IPHONEOS_DEPLOYMENT_TARGET = 15.0;
				MTL_ENABLE_DEBUG_INFO = INCLUDE_SOURCE;
				MTL_FAST_MATH = YES;
				ONLY_ACTIVE_ARCH = YES;
				SDKROOT = iphoneos;
				SWIFT_ACTIVE_COMPILATION_CONDITIONS = DEBUG;
				SWIFT_OPTIMIZATION_LEVEL = "-Onone";
			};
			name = Debug;
		};
		DBCC78902762C10A009323A5 /* Release */ = {
			isa = XCBuildConfiguration;
			buildSettings = {
				ALWAYS_SEARCH_USER_PATHS = NO;
				CLANG_ANALYZER_NONNULL = YES;
				CLANG_ANALYZER_NUMBER_OBJECT_CONVERSION = YES_AGGRESSIVE;
				CLANG_CXX_LANGUAGE_STANDARD = "gnu++17";
				CLANG_CXX_LIBRARY = "libc++";
				CLANG_ENABLE_MODULES = YES;
				CLANG_ENABLE_OBJC_ARC = YES;
				CLANG_ENABLE_OBJC_WEAK = YES;
				CLANG_WARN_BLOCK_CAPTURE_AUTORELEASING = YES;
				CLANG_WARN_BOOL_CONVERSION = YES;
				CLANG_WARN_COMMA = YES;
				CLANG_WARN_CONSTANT_CONVERSION = YES;
				CLANG_WARN_DEPRECATED_OBJC_IMPLEMENTATIONS = YES;
				CLANG_WARN_DIRECT_OBJC_ISA_USAGE = YES_ERROR;
				CLANG_WARN_DOCUMENTATION_COMMENTS = YES;
				CLANG_WARN_EMPTY_BODY = YES;
				CLANG_WARN_ENUM_CONVERSION = YES;
				CLANG_WARN_INFINITE_RECURSION = YES;
				CLANG_WARN_INT_CONVERSION = YES;
				CLANG_WARN_NON_LITERAL_NULL_CONVERSION = YES;
				CLANG_WARN_OBJC_IMPLICIT_RETAIN_SELF = YES;
				CLANG_WARN_OBJC_LITERAL_CONVERSION = YES;
				CLANG_WARN_OBJC_ROOT_CLASS = YES_ERROR;
				CLANG_WARN_QUOTED_INCLUDE_IN_FRAMEWORK_HEADER = YES;
				CLANG_WARN_RANGE_LOOP_ANALYSIS = YES;
				CLANG_WARN_STRICT_PROTOTYPES = YES;
				CLANG_WARN_SUSPICIOUS_MOVE = YES;
				CLANG_WARN_UNGUARDED_AVAILABILITY = YES_AGGRESSIVE;
				CLANG_WARN_UNREACHABLE_CODE = YES;
				CLANG_WARN__DUPLICATE_METHOD_MATCH = YES;
				COPY_PHASE_STRIP = NO;
				DEBUG_INFORMATION_FORMAT = "dwarf-with-dsym";
				ENABLE_NS_ASSERTIONS = NO;
				ENABLE_STRICT_OBJC_MSGSEND = YES;
				GCC_C_LANGUAGE_STANDARD = gnu11;
				GCC_NO_COMMON_BLOCKS = YES;
				GCC_WARN_64_TO_32_BIT_CONVERSION = YES;
				GCC_WARN_ABOUT_RETURN_TYPE = YES_ERROR;
				GCC_WARN_UNDECLARED_SELECTOR = YES;
				GCC_WARN_UNINITIALIZED_AUTOS = YES_AGGRESSIVE;
				GCC_WARN_UNUSED_FUNCTION = YES;
				GCC_WARN_UNUSED_VARIABLE = YES;
				IPHONEOS_DEPLOYMENT_TARGET = 15.0;
				MTL_ENABLE_DEBUG_INFO = NO;
				MTL_FAST_MATH = YES;
				SDKROOT = iphoneos;
				SWIFT_COMPILATION_MODE = wholemodule;
				SWIFT_OPTIMIZATION_LEVEL = "-O";
				VALIDATE_PRODUCT = YES;
			};
			name = Release;
		};
		DBCC78922762C10A009323A5 /* Debug */ = {
			isa = XCBuildConfiguration;
			buildSettings = {
				ASSETCATALOG_COMPILER_APPICON_NAME = AppIcon;
				ASSETCATALOG_COMPILER_GLOBAL_ACCENT_COLOR_NAME = AccentColor;
				CODE_SIGN_STYLE = Automatic;
				CURRENT_PROJECT_VERSION = 1;
				DEVELOPMENT_ASSET_PATHS = "\"WhatsIt/Preview Content\"";
				DEVELOPMENT_TEAM = 92S6VPY8H9;
				ENABLE_PREVIEWS = YES;
				GENERATE_INFOPLIST_FILE = YES;
				INFOPLIST_KEY_NSCameraUsageDescription = "The app would like to use the camera";
				INFOPLIST_KEY_UIApplicationSceneManifest_Generation = YES;
				INFOPLIST_KEY_UIApplicationSupportsIndirectInputEvents = YES;
				INFOPLIST_KEY_UILaunchScreen_Generation = YES;
				INFOPLIST_KEY_UISupportedInterfaceOrientations_iPad = "UIInterfaceOrientationPortrait UIInterfaceOrientationPortraitUpsideDown UIInterfaceOrientationLandscapeLeft UIInterfaceOrientationLandscapeRight";
				INFOPLIST_KEY_UISupportedInterfaceOrientations_iPhone = "UIInterfaceOrientationPortrait UIInterfaceOrientationLandscapeLeft UIInterfaceOrientationLandscapeRight";
				LD_RUNPATH_SEARCH_PATHS = (
					"$(inherited)",
					"@executable_path/Frameworks",
				);
				MARKETING_VERSION = 1.9.6;
				PRODUCT_BUNDLE_IDENTIFIER = com.azurehorsecreations.Whatsit;
				PRODUCT_NAME = Whatsit;
				SWIFT_EMIT_LOC_STRINGS = YES;
				SWIFT_VERSION = 5.0;
				TARGETED_DEVICE_FAMILY = "1,2";
			};
			name = Debug;
		};
		DBCC78932762C10A009323A5 /* Release */ = {
			isa = XCBuildConfiguration;
			buildSettings = {
				ASSETCATALOG_COMPILER_APPICON_NAME = AppIcon;
				ASSETCATALOG_COMPILER_GLOBAL_ACCENT_COLOR_NAME = AccentColor;
				CODE_SIGN_STYLE = Automatic;
				CURRENT_PROJECT_VERSION = 1;
				DEVELOPMENT_ASSET_PATHS = "\"WhatsIt/Preview Content\"";
				DEVELOPMENT_TEAM = 92S6VPY8H9;
				ENABLE_PREVIEWS = YES;
				GENERATE_INFOPLIST_FILE = YES;
				INFOPLIST_KEY_NSCameraUsageDescription = "The app would like to use the camera";
				INFOPLIST_KEY_UIApplicationSceneManifest_Generation = YES;
				INFOPLIST_KEY_UIApplicationSupportsIndirectInputEvents = YES;
				INFOPLIST_KEY_UILaunchScreen_Generation = YES;
				INFOPLIST_KEY_UISupportedInterfaceOrientations_iPad = "UIInterfaceOrientationPortrait UIInterfaceOrientationPortraitUpsideDown UIInterfaceOrientationLandscapeLeft UIInterfaceOrientationLandscapeRight";
				INFOPLIST_KEY_UISupportedInterfaceOrientations_iPhone = "UIInterfaceOrientationPortrait UIInterfaceOrientationLandscapeLeft UIInterfaceOrientationLandscapeRight";
				LD_RUNPATH_SEARCH_PATHS = (
					"$(inherited)",
					"@executable_path/Frameworks",
				);
				MARKETING_VERSION = 1.9.6;
				PRODUCT_BUNDLE_IDENTIFIER = com.azurehorsecreations.Whatsit;
				PRODUCT_NAME = Whatsit;
				SWIFT_EMIT_LOC_STRINGS = YES;
				SWIFT_VERSION = 5.0;
				TARGETED_DEVICE_FAMILY = "1,2";
			};
			name = Release;
		};
		DBCC78952762C10A009323A5 /* Debug */ = {
			isa = XCBuildConfiguration;
			buildSettings = {
				ALWAYS_EMBED_SWIFT_STANDARD_LIBRARIES = YES;
				BUNDLE_LOADER = "$(TEST_HOST)";
				CODE_SIGN_STYLE = Automatic;
				CURRENT_PROJECT_VERSION = 1;
				DEVELOPMENT_TEAM = 92S6VPY8H9;
				GENERATE_INFOPLIST_FILE = YES;
				IPHONEOS_DEPLOYMENT_TARGET = 15.0;
				LD_RUNPATH_SEARCH_PATHS = (
					"$(inherited)",
					"@executable_path/Frameworks",
					"@loader_path/Frameworks",
				);
				MARKETING_VERSION = 1.0;
				PRODUCT_BUNDLE_IDENTIFIER = com.azurehorsecreations.WhatsItCoreMLTests;
				PRODUCT_NAME = "$(TARGET_NAME)";
				SWIFT_EMIT_LOC_STRINGS = NO;
				SWIFT_VERSION = 5.0;
				TARGETED_DEVICE_FAMILY = "1,2";
				TEST_HOST = "$(BUILT_PRODUCTS_DIR)/WhatsIt.app/WhatsIt";
			};
			name = Debug;
		};
		DBCC78962762C10A009323A5 /* Release */ = {
			isa = XCBuildConfiguration;
			buildSettings = {
				ALWAYS_EMBED_SWIFT_STANDARD_LIBRARIES = YES;
				BUNDLE_LOADER = "$(TEST_HOST)";
				CODE_SIGN_STYLE = Automatic;
				CURRENT_PROJECT_VERSION = 1;
				DEVELOPMENT_TEAM = 92S6VPY8H9;
				GENERATE_INFOPLIST_FILE = YES;
				IPHONEOS_DEPLOYMENT_TARGET = 15.0;
				LD_RUNPATH_SEARCH_PATHS = (
					"$(inherited)",
					"@executable_path/Frameworks",
					"@loader_path/Frameworks",
				);
				MARKETING_VERSION = 1.0;
				PRODUCT_BUNDLE_IDENTIFIER = com.azurehorsecreations.WhatsItCoreMLTests;
				PRODUCT_NAME = "$(TARGET_NAME)";
				SWIFT_EMIT_LOC_STRINGS = NO;
				SWIFT_VERSION = 5.0;
				TARGETED_DEVICE_FAMILY = "1,2";
				TEST_HOST = "$(BUILT_PRODUCTS_DIR)/WhatsIt.app/WhatsIt";
			};
			name = Release;
		};
		DBCC78982762C10A009323A5 /* Debug */ = {
			isa = XCBuildConfiguration;
			buildSettings = {
				ALWAYS_EMBED_SWIFT_STANDARD_LIBRARIES = YES;
				CODE_SIGN_STYLE = Automatic;
				CURRENT_PROJECT_VERSION = 1;
				DEVELOPMENT_TEAM = 92S6VPY8H9;
				GENERATE_INFOPLIST_FILE = YES;
				LD_RUNPATH_SEARCH_PATHS = (
					"$(inherited)",
					"@executable_path/Frameworks",
					"@loader_path/Frameworks",
				);
				MARKETING_VERSION = 1.0;
				PRODUCT_BUNDLE_IDENTIFIER = com.azurehorsecreations.WhatsItUITests;
				PRODUCT_NAME = "$(TARGET_NAME)";
				SWIFT_EMIT_LOC_STRINGS = NO;
				SWIFT_VERSION = 5.0;
				TARGETED_DEVICE_FAMILY = "1,2";
				TEST_TARGET_NAME = WhatsIt;
			};
			name = Debug;
		};
		DBCC78992762C10A009323A5 /* Release */ = {
			isa = XCBuildConfiguration;
			buildSettings = {
				ALWAYS_EMBED_SWIFT_STANDARD_LIBRARIES = YES;
				CODE_SIGN_STYLE = Automatic;
				CURRENT_PROJECT_VERSION = 1;
				DEVELOPMENT_TEAM = 92S6VPY8H9;
				GENERATE_INFOPLIST_FILE = YES;
				LD_RUNPATH_SEARCH_PATHS = (
					"$(inherited)",
					"@executable_path/Frameworks",
					"@loader_path/Frameworks",
				);
				MARKETING_VERSION = 1.0;
				PRODUCT_BUNDLE_IDENTIFIER = com.azurehorsecreations.WhatsItUITests;
				PRODUCT_NAME = "$(TARGET_NAME)";
				SWIFT_EMIT_LOC_STRINGS = NO;
				SWIFT_VERSION = 5.0;
				TARGETED_DEVICE_FAMILY = "1,2";
				TEST_TARGET_NAME = WhatsIt;
			};
			name = Release;
		};
/* End XCBuildConfiguration section */

/* Begin XCConfigurationList section */
		DBCC78682762C108009323A5 /* Build configuration list for PBXProject "Whatsit" */ = {
			isa = XCConfigurationList;
			buildConfigurations = (
				DBCC788F2762C10A009323A5 /* Debug */,
				DBCC78902762C10A009323A5 /* Release */,
			);
			defaultConfigurationIsVisible = 0;
			defaultConfigurationName = Debug;
		};
		DBCC78912762C10A009323A5 /* Build configuration list for PBXNativeTarget "WhatsIt" */ = {
			isa = XCConfigurationList;
			buildConfigurations = (
				DBCC78922762C10A009323A5 /* Debug */,
				DBCC78932762C10A009323A5 /* Release */,
			);
			defaultConfigurationIsVisible = 0;
			defaultConfigurationName = Debug;
		};
		DBCC78942762C10A009323A5 /* Build configuration list for PBXNativeTarget "WhatsItTests" */ = {
			isa = XCConfigurationList;
			buildConfigurations = (
				DBCC78952762C10A009323A5 /* Debug */,
				DBCC78962762C10A009323A5 /* Release */,
			);
			defaultConfigurationIsVisible = 0;
			defaultConfigurationName = Debug;
		};
		DBCC78972762C10A009323A5 /* Build configuration list for PBXNativeTarget "WhatsItUITests" */ = {
			isa = XCConfigurationList;
			buildConfigurations = (
				DBCC78982762C10A009323A5 /* Debug */,
				DBCC78992762C10A009323A5 /* Release */,
			);
			defaultConfigurationIsVisible = 0;
			defaultConfigurationName = Debug;
		};
/* End XCConfigurationList section */
	};
	rootObject = DBCC78652762C108009323A5 /* Project object */;
}
